// !$*UTF8*$!
{
	archiveVersion = 1;
	classes = {
	};
	objectVersion = 56;
	objects = {

/* Begin PBXBuildFile section */
		38183D9B292D146D0047DA58 /* CombineBeginningApp.swift in Sources */ = {isa = PBXBuildFile; fileRef = 38183D9A292D146D0047DA58 /* CombineBeginningApp.swift */; };
		38183D9D292D146D0047DA58 /* ContentView.swift in Sources */ = {isa = PBXBuildFile; fileRef = 38183D9C292D146D0047DA58 /* ContentView.swift */; };
		38183D9F292D146E0047DA58 /* Assets.xcassets in Resources */ = {isa = PBXBuildFile; fileRef = 38183D9E292D146E0047DA58 /* Assets.xcassets */; };
		38183DA2292D146E0047DA58 /* Preview Assets.xcassets in Resources */ = {isa = PBXBuildFile; fileRef = 38183DA1292D146E0047DA58 /* Preview Assets.xcassets */; };
		38183DA9292D170F0047DA58 /* GoogleService-Info.plist in Resources */ = {isa = PBXBuildFile; fileRef = 38183DA8292D170F0047DA58 /* GoogleService-Info.plist */; };
		38183DB8292D2F0F0047DA58 /* FirebaseCrashlytics in Frameworks */ = {isa = PBXBuildFile; productRef = 38183DB7292D2F0F0047DA58 /* FirebaseCrashlytics */; };
		38183DBC292D424C0047DA58 /* AccountBackground.swift in Sources */ = {isa = PBXBuildFile; fileRef = 38183DBA292D424C0047DA58 /* AccountBackground.swift */; };
		38183DBD292D424C0047DA58 /* VisualEffectBlur.swift in Sources */ = {isa = PBXBuildFile; fileRef = 38183DBB292D424C0047DA58 /* VisualEffectBlur.swift */; };
		38183DBF292D44A20047DA58 /* TrackableScrollView.swift in Sources */ = {isa = PBXBuildFile; fileRef = 38183DBE292D44A20047DA58 /* TrackableScrollView.swift */; };
/* End PBXBuildFile section */

/* Begin PBXFileReference section */
		38183D97292D146D0047DA58 /* CombineBeginning.app */ = {isa = PBXFileReference; explicitFileType = wrapper.application; includeInIndex = 0; path = CombineBeginning.app; sourceTree = BUILT_PRODUCTS_DIR; };
		38183D9A292D146D0047DA58 /* CombineBeginningApp.swift */ = {isa = PBXFileReference; lastKnownFileType = sourcecode.swift; path = CombineBeginningApp.swift; sourceTree = "<group>"; };
		38183D9C292D146D0047DA58 /* ContentView.swift */ = {isa = PBXFileReference; lastKnownFileType = sourcecode.swift; path = ContentView.swift; sourceTree = "<group>"; };
		38183D9E292D146E0047DA58 /* Assets.xcassets */ = {isa = PBXFileReference; lastKnownFileType = folder.assetcatalog; path = Assets.xcassets; sourceTree = "<group>"; };
		38183DA1292D146E0047DA58 /* Preview Assets.xcassets */ = {isa = PBXFileReference; lastKnownFileType = folder.assetcatalog; path = "Preview Assets.xcassets"; sourceTree = "<group>"; };
		38183DA8292D170F0047DA58 /* GoogleService-Info.plist */ = {isa = PBXFileReference; fileEncoding = 4; lastKnownFileType = text.plist.xml; path = "GoogleService-Info.plist"; sourceTree = "<group>"; };
		38183DBA292D424C0047DA58 /* AccountBackground.swift */ = {isa = PBXFileReference; fileEncoding = 4; lastKnownFileType = sourcecode.swift; path = AccountBackground.swift; sourceTree = "<group>"; };
		38183DBB292D424C0047DA58 /* VisualEffectBlur.swift */ = {isa = PBXFileReference; fileEncoding = 4; lastKnownFileType = sourcecode.swift; path = VisualEffectBlur.swift; sourceTree = "<group>"; };
		38183DBE292D44A20047DA58 /* TrackableScrollView.swift */ = {isa = PBXFileReference; lastKnownFileType = sourcecode.swift; path = TrackableScrollView.swift; sourceTree = "<group>"; };
/* End PBXFileReference section */

/* Begin PBXFrameworksBuildPhase section */
		38183D94292D146D0047DA58 /* Frameworks */ = {
			isa = PBXFrameworksBuildPhase;
			buildActionMask = 2147483647;
			files = (
				38183DB8292D2F0F0047DA58 /* FirebaseCrashlytics in Frameworks */,
			);
			runOnlyForDeploymentPostprocessing = 0;
		};
/* End PBXFrameworksBuildPhase section */

/* Begin PBXGroup section */
		38183D8E292D146D0047DA58 = {
			isa = PBXGroup;
			children = (
				38183D99292D146D0047DA58 /* CombineBeginning */,
				38183D98292D146D0047DA58 /* Products */,
			);
			sourceTree = "<group>";
		};
		38183D98292D146D0047DA58 /* Products */ = {
			isa = PBXGroup;
			children = (
				38183D97292D146D0047DA58 /* CombineBeginning.app */,
			);
			name = Products;
			sourceTree = "<group>";
		};
		38183D99292D146D0047DA58 /* CombineBeginning */ = {
			isa = PBXGroup;
			children = (
				38183DB9292D422C0047DA58 /* Graphics */,
				38183D9A292D146D0047DA58 /* CombineBeginningApp.swift */,
				38183D9C292D146D0047DA58 /* ContentView.swift */,
				38183D9E292D146E0047DA58 /* Assets.xcassets */,
				38183DA8292D170F0047DA58 /* GoogleService-Info.plist */,
				38183DA0292D146E0047DA58 /* Preview Content */,
				38183DBE292D44A20047DA58 /* TrackableScrollView.swift */,
			);
			path = CombineBeginning;
			sourceTree = "<group>";
		};
		38183DA0292D146E0047DA58 /* Preview Content */ = {
			isa = PBXGroup;
			children = (
				38183DA1292D146E0047DA58 /* Preview Assets.xcassets */,
			);
			path = "Preview Content";
			sourceTree = "<group>";
		};
		38183DB9292D422C0047DA58 /* Graphics */ = {
			isa = PBXGroup;
			children = (
				38183DBA292D424C0047DA58 /* AccountBackground.swift */,
				38183DBB292D424C0047DA58 /* VisualEffectBlur.swift */,
			);
			path = Graphics;
			sourceTree = "<group>";
		};
/* End PBXGroup section */

/* Begin PBXNativeTarget section */
		38183D96292D146D0047DA58 /* CombineBeginning */ = {
			isa = PBXNativeTarget;
			buildConfigurationList = 38183DA5292D146E0047DA58 /* Build configuration list for PBXNativeTarget "CombineBeginning" */;
			buildPhases = (
				38183D93292D146D0047DA58 /* Sources */,
				38183D94292D146D0047DA58 /* Frameworks */,
				38183D95292D146D0047DA58 /* Resources */,
				38183DB5292D19800047DA58 /* ShellScript */,
			);
			buildRules = (
			);
			dependencies = (
			);
			name = CombineBeginning;
			packageProductDependencies = (
				38183DB7292D2F0F0047DA58 /* FirebaseCrashlytics */,
			);
			productName = CombineBeginning;
			productReference = 38183D97292D146D0047DA58 /* CombineBeginning.app */;
			productType = "com.apple.product-type.application";
		};
/* End PBXNativeTarget section */

/* Begin PBXProject section */
		38183D8F292D146D0047DA58 /* Project object */ = {
			isa = PBXProject;
			attributes = {
				BuildIndependentTargetsInParallel = 1;
				LastSwiftUpdateCheck = 1400;
				LastUpgradeCheck = 1400;
				TargetAttributes = {
					38183D96292D146D0047DA58 = {
						CreatedOnToolsVersion = 14.0;
					};
				};
			};
			buildConfigurationList = 38183D92292D146D0047DA58 /* Build configuration list for PBXProject "CombineBeginning" */;
			compatibilityVersion = "Xcode 14.0";
			developmentRegion = en;
			hasScannedForEncodings = 0;
			knownRegions = (
				en,
				Base,
			);
			mainGroup = 38183D8E292D146D0047DA58;
			packageReferences = (
				38183DB6292D2F0F0047DA58 /* XCRemoteSwiftPackageReference "firebase-ios-sdk" */,
			);
			productRefGroup = 38183D98292D146D0047DA58 /* Products */;
			projectDirPath = "";
			projectRoot = "";
			targets = (
				38183D96292D146D0047DA58 /* CombineBeginning */,
			);
		};
/* End PBXProject section */

/* Begin PBXResourcesBuildPhase section */
		38183D95292D146D0047DA58 /* Resources */ = {
			isa = PBXResourcesBuildPhase;
			buildActionMask = 2147483647;
			files = (
				38183DA2292D146E0047DA58 /* Preview Assets.xcassets in Resources */,
				38183D9F292D146E0047DA58 /* Assets.xcassets in Resources */,
				38183DA9292D170F0047DA58 /* GoogleService-Info.plist in Resources */,
			);
			runOnlyForDeploymentPostprocessing = 0;
		};
/* End PBXResourcesBuildPhase section */

/* Begin PBXShellScriptBuildPhase section */
		38183DB5292D19800047DA58 /* ShellScript */ = {
			isa = PBXShellScriptBuildPhase;
			buildActionMask = 12;
			files = (
			);
			inputFileListPaths = (
			);
			inputPaths = (
				"${DWARF_DSYM_FOLDER_PATH}/${DWARF_DSYM_FILE_NAME}/Contents/Resources/DWARF/${TARGET_NAME}",
				"$(SRCROOT)/$(BUILT_PRODUCTS_DIR)/$(INFOPLIST_PATH)",
			);
			outputFileListPaths = (
			);
			outputPaths = (
			);
			runOnlyForDeploymentPostprocessing = 0;
			shellPath = /bin/sh;
			shellScript = "\"${BUILD_DIR%/Build/*}/SourcePackages/checkouts/firebase-ios-sdk/Crashlytics/run\"\n";
		};
/* End PBXShellScriptBuildPhase section */

/* Begin PBXSourcesBuildPhase section */
		38183D93292D146D0047DA58 /* Sources */ = {
			isa = PBXSourcesBuildPhase;
			buildActionMask = 2147483647;
			files = (
				38183D9D292D146D0047DA58 /* ContentView.swift in Sources */,
				38183DBF292D44A20047DA58 /* TrackableScrollView.swift in Sources */,
				38183DBC292D424C0047DA58 /* AccountBackground.swift in Sources */,
				38183D9B292D146D0047DA58 /* CombineBeginningApp.swift in Sources */,
				38183DBD292D424C0047DA58 /* VisualEffectBlur.swift in Sources */,
			);
			runOnlyForDeploymentPostprocessing = 0;
		};
/* End PBXSourcesBuildPhase section */

/* Begin XCBuildConfiguration section */
		38183DA3292D146E0047DA58 /* Debug */ = {
			isa = XCBuildConfiguration;
			buildSettings = {
				ALWAYS_SEARCH_USER_PATHS = NO;
				CLANG_ANALYZER_NONNULL = YES;
				CLANG_ANALYZER_NUMBER_OBJECT_CONVERSION = YES_AGGRESSIVE;
				CLANG_CXX_LANGUAGE_STANDARD = "gnu++20";
				CLANG_ENABLE_MODULES = YES;
				CLANG_ENABLE_OBJC_ARC = YES;
				CLANG_ENABLE_OBJC_WEAK = YES;
				CLANG_WARN_BLOCK_CAPTURE_AUTORELEASING = YES;
				CLANG_WARN_BOOL_CONVERSION = YES;
				CLANG_WARN_COMMA = YES;
				CLANG_WARN_CONSTANT_CONVERSION = YES;
				CLANG_WARN_DEPRECATED_OBJC_IMPLEMENTATIONS = YES;
				CLANG_WARN_DIRECT_OBJC_ISA_USAGE = YES_ERROR;
				CLANG_WARN_DOCUMENTATION_COMMENTS = YES;
				CLANG_WARN_EMPTY_BODY = YES;
				CLANG_WARN_ENUM_CONVERSION = YES;
				CLANG_WARN_INFINITE_RECURSION = YES;
				CLANG_WARN_INT_CONVERSION = YES;
				CLANG_WARN_NON_LITERAL_NULL_CONVERSION = YES;
				CLANG_WARN_OBJC_IMPLICIT_RETAIN_SELF = YES;
				CLANG_WARN_OBJC_LITERAL_CONVERSION = YES;
				CLANG_WARN_OBJC_ROOT_CLASS = YES_ERROR;
				CLANG_WARN_QUOTED_INCLUDE_IN_FRAMEWORK_HEADER = YES;
				CLANG_WARN_RANGE_LOOP_ANALYSIS = YES;
				CLANG_WARN_STRICT_PROTOTYPES = YES;
				CLANG_WARN_SUSPICIOUS_MOVE = YES;
				CLANG_WARN_UNGUARDED_AVAILABILITY = YES_AGGRESSIVE;
				CLANG_WARN_UNREACHABLE_CODE = YES;
				CLANG_WARN__DUPLICATE_METHOD_MATCH = YES;
				COPY_PHASE_STRIP = NO;
				DEBUG_INFORMATION_FORMAT = dwarf;
				ENABLE_STRICT_OBJC_MSGSEND = YES;
				ENABLE_TESTABILITY = YES;
				GCC_C_LANGUAGE_STANDARD = gnu11;
				GCC_DYNAMIC_NO_PIC = NO;
				GCC_NO_COMMON_BLOCKS = YES;
				GCC_OPTIMIZATION_LEVEL = 0;
				GCC_PREPROCESSOR_DEFINITIONS = (
					"DEBUG=1",
					"$(inherited)",
				);
				GCC_WARN_64_TO_32_BIT_CONVERSION = YES;
				GCC_WARN_ABOUT_RETURN_TYPE = YES_ERROR;
				GCC_WARN_UNDECLARED_SELECTOR = YES;
				GCC_WARN_UNINITIALIZED_AUTOS = YES_AGGRESSIVE;
				GCC_WARN_UNUSED_FUNCTION = YES;
				GCC_WARN_UNUSED_VARIABLE = YES;
				IPHONEOS_DEPLOYMENT_TARGET = 16.0;
				MTL_ENABLE_DEBUG_INFO = INCLUDE_SOURCE;
				MTL_FAST_MATH = YES;
				ONLY_ACTIVE_ARCH = YES;
				SDKROOT = iphoneos;
				SWIFT_ACTIVE_COMPILATION_CONDITIONS = DEBUG;
				SWIFT_OPTIMIZATION_LEVEL = "-Onone";
			};
			name = Debug;
		};
		38183DA4292D146E0047DA58 /* Release */ = {
			isa = XCBuildConfiguration;
			buildSettings = {
				ALWAYS_SEARCH_USER_PATHS = NO;
				CLANG_ANALYZER_NONNULL = YES;
				CLANG_ANALYZER_NUMBER_OBJECT_CONVERSION = YES_AGGRESSIVE;
				CLANG_CXX_LANGUAGE_STANDARD = "gnu++20";
				CLANG_ENABLE_MODULES = YES;
				CLANG_ENABLE_OBJC_ARC = YES;
				CLANG_ENABLE_OBJC_WEAK = YES;
				CLANG_WARN_BLOCK_CAPTURE_AUTORELEASING = YES;
				CLANG_WARN_BOOL_CONVERSION = YES;
				CLANG_WARN_COMMA = YES;
				CLANG_WARN_CONSTANT_CONVERSION = YES;
				CLANG_WARN_DEPRECATED_OBJC_IMPLEMENTATIONS = YES;
				CLANG_WARN_DIRECT_OBJC_ISA_USAGE = YES_ERROR;
				CLANG_WARN_DOCUMENTATION_COMMENTS = YES;
				CLANG_WARN_EMPTY_BODY = YES;
				CLANG_WARN_ENUM_CONVERSION = YES;
				CLANG_WARN_INFINITE_RECURSION = YES;
				CLANG_WARN_INT_CONVERSION = YES;
				CLANG_WARN_NON_LITERAL_NULL_CONVERSION = YES;
				CLANG_WARN_OBJC_IMPLICIT_RETAIN_SELF = YES;
				CLANG_WARN_OBJC_LITERAL_CONVERSION = YES;
				CLANG_WARN_OBJC_ROOT_CLASS = YES_ERROR;
				CLANG_WARN_QUOTED_INCLUDE_IN_FRAMEWORK_HEADER = YES;
				CLANG_WARN_RANGE_LOOP_ANALYSIS = YES;
				CLANG_WARN_STRICT_PROTOTYPES = YES;
				CLANG_WARN_SUSPICIOUS_MOVE = YES;
				CLANG_WARN_UNGUARDED_AVAILABILITY = YES_AGGRESSIVE;
				CLANG_WARN_UNREACHABLE_CODE = YES;
				CLANG_WARN__DUPLICATE_METHOD_MATCH = YES;
				COPY_PHASE_STRIP = NO;
				DEBUG_INFORMATION_FORMAT = "dwarf-with-dsym";
				ENABLE_NS_ASSERTIONS = NO;
				ENABLE_STRICT_OBJC_MSGSEND = YES;
				GCC_C_LANGUAGE_STANDARD = gnu11;
				GCC_NO_COMMON_BLOCKS = YES;
				GCC_WARN_64_TO_32_BIT_CONVERSION = YES;
				GCC_WARN_ABOUT_RETURN_TYPE = YES_ERROR;
				GCC_WARN_UNDECLARED_SELECTOR = YES;
				GCC_WARN_UNINITIALIZED_AUTOS = YES_AGGRESSIVE;
				GCC_WARN_UNUSED_FUNCTION = YES;
				GCC_WARN_UNUSED_VARIABLE = YES;
				IPHONEOS_DEPLOYMENT_TARGET = 16.0;
				MTL_ENABLE_DEBUG_INFO = NO;
				MTL_FAST_MATH = YES;
				SDKROOT = iphoneos;
				SWIFT_COMPILATION_MODE = wholemodule;
				SWIFT_OPTIMIZATION_LEVEL = "-O";
				VALIDATE_PRODUCT = YES;
			};
			name = Release;
		};
		38183DA6292D146E0047DA58 /* Debug */ = {
			isa = XCBuildConfiguration;
			buildSettings = {
				ASSETCATALOG_COMPILER_APPICON_NAME = AppIcon;
				ASSETCATALOG_COMPILER_GLOBAL_ACCENT_COLOR_NAME = AccentColor;
				CODE_SIGN_STYLE = Automatic;
				CURRENT_PROJECT_VERSION = 1;
				DEBUG_INFORMATION_FORMAT = "dwarf-with-dsym";
				DEVELOPMENT_ASSET_PATHS = "\"CombineBeginning/Preview Content\"";
				DEVELOPMENT_TEAM = RA46FA8GJ3;
				ENABLE_PREVIEWS = YES;
				GENERATE_INFOPLIST_FILE = YES;
				INFOPLIST_KEY_UIApplicationSceneManifest_Generation = YES;
				INFOPLIST_KEY_UIApplicationSupportsIndirectInputEvents = YES;
				INFOPLIST_KEY_UILaunchScreen_Generation = YES;
				INFOPLIST_KEY_UISupportedInterfaceOrientations_iPad = "UIInterfaceOrientationPortrait UIInterfaceOrientationPortraitUpsideDown UIInterfaceOrientationLandscapeLeft UIInterfaceOrientationLandscapeRight";
				INFOPLIST_KEY_UISupportedInterfaceOrientations_iPhone = "UIInterfaceOrientationPortrait UIInterfaceOrientationLandscapeLeft UIInterfaceOrientationLandscapeRight";
				LD_RUNPATH_SEARCH_PATHS = (
					"$(inherited)",
					"@executable_path/Frameworks",
				);
				MARKETING_VERSION = 1.0;
				PRODUCT_BUNDLE_IDENTIFIER = nikita.org.CombineBeginning;
				PRODUCT_NAME = "$(TARGET_NAME)";
				SWIFT_EMIT_LOC_STRINGS = YES;
				SWIFT_VERSION = 5.0;
				TARGETED_DEVICE_FAMILY = "1,2";
			};
			name = Debug;
		};
		38183DA7292D146E0047DA58 /* Release */ = {
			isa = XCBuildConfiguration;
			buildSettings = {
				ASSETCATALOG_COMPILER_APPICON_NAME = AppIcon;
				ASSETCATALOG_COMPILER_GLOBAL_ACCENT_COLOR_NAME = AccentColor;
				CODE_SIGN_STYLE = Automatic;
				CURRENT_PROJECT_VERSION = 1;
				DEVELOPMENT_ASSET_PATHS = "\"CombineBeginning/Preview Content\"";
				DEVELOPMENT_TEAM = RA46FA8GJ3;
				ENABLE_PREVIEWS = YES;
				GENERATE_INFOPLIST_FILE = YES;
				INFOPLIST_KEY_UIApplicationSceneManifest_Generation = YES;
				INFOPLIST_KEY_UIApplicationSupportsIndirectInputEvents = YES;
				INFOPLIST_KEY_UILaunchScreen_Generation = YES;
				INFOPLIST_KEY_UISupportedInterfaceOrientations_iPad = "UIInterfaceOrientationPortrait UIInterfaceOrientationPortraitUpsideDown UIInterfaceOrientationLandscapeLeft UIInterfaceOrientationLandscapeRight";
				INFOPLIST_KEY_UISupportedInterfaceOrientations_iPhone = "UIInterfaceOrientationPortrait UIInterfaceOrientationLandscapeLeft UIInterfaceOrientationLandscapeRight";
				LD_RUNPATH_SEARCH_PATHS = (
					"$(inherited)",
					"@executable_path/Frameworks",
				);
				MARKETING_VERSION = 1.0;
				PRODUCT_BUNDLE_IDENTIFIER = nikita.org.CombineBeginning;
				PRODUCT_NAME = "$(TARGET_NAME)";
				SWIFT_EMIT_LOC_STRINGS = YES;
				SWIFT_VERSION = 5.0;
				TARGETED_DEVICE_FAMILY = "1,2";
			};
			name = Release;
		};
/* End XCBuildConfiguration section */

/* Begin XCConfigurationList section */
		38183D92292D146D0047DA58 /* Build configuration list for PBXProject "CombineBeginning" */ = {
			isa = XCConfigurationList;
			buildConfigurations = (
				38183DA3292D146E0047DA58 /* Debug */,
				38183DA4292D146E0047DA58 /* Release */,
			);
			defaultConfigurationIsVisible = 0;
			defaultConfigurationName = Release;
		};
		38183DA5292D146E0047DA58 /* Build configuration list for PBXNativeTarget "CombineBeginning" */ = {
			isa = XCConfigurationList;
			buildConfigurations = (
				38183DA6292D146E0047DA58 /* Debug */,
				38183DA7292D146E0047DA58 /* Release */,
			);
			defaultConfigurationIsVisible = 0;
			defaultConfigurationName = Release;
		};
/* End XCConfigurationList section */

/* Begin XCRemoteSwiftPackageReference section */
		38183DB6292D2F0F0047DA58 /* XCRemoteSwiftPackageReference "firebase-ios-sdk" */ = {
			isa = XCRemoteSwiftPackageReference;
			repositoryURL = "https://github.com/firebase/firebase-ios-sdk";
			requirement = {
				branch = master;
				kind = branch;
			};
		};
/* End XCRemoteSwiftPackageReference section */

/* Begin XCSwiftPackageProductDependency section */
		38183DB7292D2F0F0047DA58 /* FirebaseCrashlytics */ = {
			isa = XCSwiftPackageProductDependency;
			package = 38183DB6292D2F0F0047DA58 /* XCRemoteSwiftPackageReference "firebase-ios-sdk" */;
			productName = FirebaseCrashlytics;
		};
/* End XCSwiftPackageProductDependency section */
	};
	rootObject = 38183D8F292D146D0047DA58 /* Project object */;
}
